
Microsoft Visual Studio Solution File, Format Version 12.00
# Visual Studio 15
VisualStudioVersion = 15.0.28307.645
MinimumVisualStudioVersion = 10.0.40219.1
Project("{9A19103F-16F7-4668-BE54-9A1E7A4F7556}") = "CreativeZone", "CreativeZone\CreativeZone.csproj", "{9711FE85-45B9-49B2-81E9-B9E8CAAC2144}"
EndProject
Global
	GlobalSection(SolutionConfigurationPlatforms) = preSolution
		Debug|Any CPU = Debug|Any CPU
		Release|Any CPU = Release|Any CPU
	EndGlobalSection
	GlobalSection(ProjectConfigurationPlatforms) = postSolution
		{9711FE85-45B9-49B2-81E9-B9E8CAAC2144}.Debug|Any CPU.ActiveCfg = Debug|Any CPU
		{9711FE85-45B9-49B2-81E9-B9E8CAAC2144}.Debug|Any CPU.Build.0 = Debug|Any CPU
		{9711FE85-45B9-49B2-81E9-B9E8CAAC2144}.Release|Any CPU.ActiveCfg = Release|Any CPU
		{9711FE85-45B9-49B2-81E9-B9E8CAAC2144}.Release|Any CPU.Build.0 = Release|Any CPU
	EndGlobalSection
	GlobalSection(SolutionProperties) = preSolution
		HideSolutionNode = FALSE
	EndGlobalSection
	GlobalSection(ExtensibilityGlobals) = postSolution
		SolutionGuid = {E4C73092-3050-437B-B1B5-A569CDFAE19B}
	EndGlobalSection
EndGlobal
